
Microsoft Visual Studio Solution File, Format Version 12.00
# Visual Studio Version 16
VisualStudioVersion = 16.0.33214.272
MinimumVisualStudioVersion = 10.0.40219.1
Project("{FAE04EC0-301F-11D3-BF4B-00C04F79EFBC}") = "dummyRamen", "dummyRamen\dummyRamen.csproj", "{C5F82C2F-5C47-4927-A62B-17A0935019D2}"
EndProject
Global
	GlobalSection(SolutionConfigurationPlatforms) = preSolution
		Debug|Any CPU = Debug|Any CPU
		Release|Any CPU = Release|Any CPU
	EndGlobalSection
	GlobalSection(ProjectConfigurationPlatforms) = postSolution
		{C5F82C2F-5C47-4927-A62B-17A0935019D2}.Debug|Any CPU.ActiveCfg = Debug|Any CPU
		{C5F82C2F-5C47-4927-A62B-17A0935019D2}.Debug|Any CPU.Build.0 = Debug|Any CPU
		{C5F82C2F-5C47-4927-A62B-17A0935019D2}.Release|Any CPU.ActiveCfg = Release|Any CPU
		{C5F82C2F-5C47-4927-A62B-17A0935019D2}.Release|Any CPU.Build.0 = Release|Any CPU
	EndGlobalSection
	GlobalSection(SolutionProperties) = preSolution
		HideSolutionNode = FALSE
	EndGlobalSection
	GlobalSection(ExtensibilityGlobals) = postSolution
		SolutionGuid = {E6B592E1-FC82-4422-BF8F-AB85A6454F7F}
	EndGlobalSection
EndGlobal
